// !$*UTF8*$!
{
	archiveVersion = 1;
	classes = {
	};
	objectVersion = 46;
	objects = {

/* Begin PBXBuildFile section */
		EE3196631CC288650038756C /* BioSwift.h in Headers */ = {isa = PBXBuildFile; fileRef = EE3196621CC288650038756C /* BioSwift.h */; settings = {ATTRIBUTES = (Public, ); }; };
		EE31966A1CC288650038756C /* BioSwift.framework in Frameworks */ = {isa = PBXBuildFile; fileRef = EE31965F1CC288650038756C /* BioSwift.framework */; };
		EE31966F1CC288650038756C /* BioSwiftTests.swift in Sources */ = {isa = PBXBuildFile; fileRef = EE31966E1CC288650038756C /* BioSwiftTests.swift */; };
		EE7621051CF1A42A00F13281 /* Extensions.swift in Sources */ = {isa = PBXBuildFile; fileRef = EE7621011CF1A42A00F13281 /* Extensions.swift */; };
		EE7621061CF1A42A00F13281 /* Seq.swift in Sources */ = {isa = PBXBuildFile; fileRef = EE7621021CF1A42A00F13281 /* Seq.swift */; };
		EE7621071CF1A42A00F13281 /* SeqRecord.swift in Sources */ = {isa = PBXBuildFile; fileRef = EE7621031CF1A42A00F13281 /* SeqRecord.swift */; };
		EE7621081CF1A42A00F13281 /* SeqIO.swift in Sources */ = {isa = PBXBuildFile; fileRef = EE7621041CF1A42A00F13281 /* SeqIO.swift */; };
		EE76210C1CF1A54F00F13281 /* FileUtils.swift in Sources */ = {isa = PBXBuildFile; fileRef = EE76210B1CF1A54F00F13281 /* FileUtils.swift */; };
		EE7621101CF2078E00F13281 /* CrisprUtils.swift in Sources */ = {isa = PBXBuildFile; fileRef = EE76210F1CF2078E00F13281 /* CrisprUtils.swift */; };
		EE7621111CF2078E00F13281 /* CrisprUtils.swift in Sources */ = {isa = PBXBuildFile; fileRef = EE76210F1CF2078E00F13281 /* CrisprUtils.swift */; };
		EE7621121CF218C500F13281 /* Extensions.swift in Sources */ = {isa = PBXBuildFile; fileRef = EE7621011CF1A42A00F13281 /* Extensions.swift */; };
		EE7621131CF218C800F13281 /* Seq.swift in Sources */ = {isa = PBXBuildFile; fileRef = EE7621021CF1A42A00F13281 /* Seq.swift */; };
		EE7621141CF218CA00F13281 /* SeqRecord.swift in Sources */ = {isa = PBXBuildFile; fileRef = EE7621031CF1A42A00F13281 /* SeqRecord.swift */; };
		EE7621151CF218CD00F13281 /* SeqIO.swift in Sources */ = {isa = PBXBuildFile; fileRef = EE7621041CF1A42A00F13281 /* SeqIO.swift */; };
		EE7621161CF218D100F13281 /* FileUtils.swift in Sources */ = {isa = PBXBuildFile; fileRef = EE76210B1CF1A54F00F13281 /* FileUtils.swift */; };
		EE83072F1CF641B800D16FA4 /* TestParsers in Resources */ = {isa = PBXBuildFile; fileRef = EE83072E1CF641B800D16FA4 /* TestParsers */; };
		EE8503521CF4C6BF00554115 /* ScoreParserFactory.swift in Sources */ = {isa = PBXBuildFile; fileRef = EE8503511CF4C6BF00554115 /* ScoreParserFactory.swift */; };
		EE8503531CF4C6BF00554115 /* ScoreParserFactory.swift in Sources */ = {isa = PBXBuildFile; fileRef = EE8503511CF4C6BF00554115 /* ScoreParserFactory.swift */; };
		EE8503581CF4E18900554115 /* BioSwiftParseTest.swift in Sources */ = {isa = PBXBuildFile; fileRef = EE8503571CF4E18900554115 /* BioSwiftParseTest.swift */; };
		EE85035B1CF4E21E00554115 /* ScoreParseManagerFacade.swift in Sources */ = {isa = PBXBuildFile; fileRef = EE85035A1CF4E21E00554115 /* ScoreParseManagerFacade.swift */; };
		EE85035C1CF4E21E00554115 /* ScoreParseManagerFacade.swift in Sources */ = {isa = PBXBuildFile; fileRef = EE85035A1CF4E21E00554115 /* ScoreParseManagerFacade.swift */; };
		EE85035F1CF4ED0E00554115 /* Offtarget.swift in Sources */ = {isa = PBXBuildFile; fileRef = EE85035E1CF4ED0E00554115 /* Offtarget.swift */; };
		EE8503601CF4ED0E00554115 /* Offtarget.swift in Sources */ = {isa = PBXBuildFile; fileRef = EE85035E1CF4ED0E00554115 /* Offtarget.swift */; };
		EE8503621CF4ED6400554115 /* ScoreParserProtocols.swift in Sources */ = {isa = PBXBuildFile; fileRef = EE8503611CF4ED6400554115 /* ScoreParserProtocols.swift */; };
		EE8503631CF4ED6400554115 /* ScoreParserProtocols.swift in Sources */ = {isa = PBXBuildFile; fileRef = EE8503611CF4ED6400554115 /* ScoreParserProtocols.swift */; };
		EE8503651CF4EDE600554115 /* GenericParser.swift in Sources */ = {isa = PBXBuildFile; fileRef = EE8503641CF4EDE600554115 /* GenericParser.swift */; };
		EE8503661CF4EDE600554115 /* GenericParser.swift in Sources */ = {isa = PBXBuildFile; fileRef = EE8503641CF4EDE600554115 /* GenericParser.swift */; };
		EE8503681CF4EE3000554115 /* BowtieOutputParser.swift in Sources */ = {isa = PBXBuildFile; fileRef = EE8503671CF4EE3000554115 /* BowtieOutputParser.swift */; };
		EE8503691CF4EE3000554115 /* BowtieOutputParser.swift in Sources */ = {isa = PBXBuildFile; fileRef = EE8503671CF4EE3000554115 /* BowtieOutputParser.swift */; };
		EE85036B1CF4EE7E00554115 /* CasOffinderOutputParser.swift in Sources */ = {isa = PBXBuildFile; fileRef = EE85036A1CF4EE7E00554115 /* CasOffinderOutputParser.swift */; };
		EE85036C1CF4EE7E00554115 /* CasOffinderOutputParser.swift in Sources */ = {isa = PBXBuildFile; fileRef = EE85036A1CF4EE7E00554115 /* CasOffinderOutputParser.swift */; };
/* End PBXBuildFile section */

/* Begin PBXContainerItemProxy section */
		EE31966B1CC288650038756C /* PBXContainerItemProxy */ = {
			isa = PBXContainerItemProxy;
			containerPortal = EE3196561CC288650038756C /* Project object */;
			proxyType = 1;
			remoteGlobalIDString = EE31965E1CC288650038756C;
			remoteInfo = BioSwift;
		};
/* End PBXContainerItemProxy section */

/* Begin PBXFileReference section */
		EE31965F1CC288650038756C /* BioSwift.framework */ = {isa = PBXFileReference; explicitFileType = wrapper.framework; includeInIndex = 0; path = BioSwift.framework; sourceTree = BUILT_PRODUCTS_DIR; };
		EE3196621CC288650038756C /* BioSwift.h */ = {isa = PBXFileReference; lastKnownFileType = sourcecode.c.h; path = BioSwift.h; sourceTree = "<group>"; };
		EE3196641CC288650038756C /* Info.plist */ = {isa = PBXFileReference; lastKnownFileType = text.plist.xml; path = Info.plist; sourceTree = "<group>"; };
		EE3196691CC288650038756C /* BioSwiftTests.xctest */ = {isa = PBXFileReference; explicitFileType = wrapper.cfbundle; includeInIndex = 0; path = BioSwiftTests.xctest; sourceTree = BUILT_PRODUCTS_DIR; };
		EE31966E1CC288650038756C /* BioSwiftTests.swift */ = {isa = PBXFileReference; lastKnownFileType = sourcecode.swift; path = BioSwiftTests.swift; sourceTree = "<group>"; };
		EE3196701CC288650038756C /* Info.plist */ = {isa = PBXFileReference; lastKnownFileType = text.plist.xml; path = Info.plist; sourceTree = "<group>"; };
		EE7621011CF1A42A00F13281 /* Extensions.swift */ = {isa = PBXFileReference; fileEncoding = 4; lastKnownFileType = sourcecode.swift; name = Extensions.swift; path = Core/Extensions.swift; sourceTree = "<group>"; };
		EE7621021CF1A42A00F13281 /* Seq.swift */ = {isa = PBXFileReference; fileEncoding = 4; lastKnownFileType = sourcecode.swift; name = Seq.swift; path = Core/Seq.swift; sourceTree = "<group>"; };
		EE7621031CF1A42A00F13281 /* SeqRecord.swift */ = {isa = PBXFileReference; fileEncoding = 4; lastKnownFileType = sourcecode.swift; name = SeqRecord.swift; path = Core/SeqRecord.swift; sourceTree = "<group>"; };
		EE7621041CF1A42A00F13281 /* SeqIO.swift */ = {isa = PBXFileReference; fileEncoding = 4; lastKnownFileType = sourcecode.swift; name = SeqIO.swift; path = Core/SeqIO.swift; sourceTree = "<group>"; };
		EE76210B1CF1A54F00F13281 /* FileUtils.swift */ = {isa = PBXFileReference; fileEncoding = 4; lastKnownFileType = sourcecode.swift; name = FileUtils.swift; path = Utils/FileUtils.swift; sourceTree = "<group>"; };
		EE76210F1CF2078E00F13281 /* CrisprUtils.swift */ = {isa = PBXFileReference; fileEncoding = 4; lastKnownFileType = sourcecode.swift; name = CrisprUtils.swift; path = Utils/CrisprUtils.swift; sourceTree = "<group>"; };
		EE83072E1CF641B800D16FA4 /* TestParsers */ = {isa = PBXFileReference; lastKnownFileType = folder; name = TestParsers; path = ../../DesignGuide/Utils/BioTools/TestParsers; sourceTree = "<group>"; };
		EE8503511CF4C6BF00554115 /* ScoreParserFactory.swift */ = {isa = PBXFileReference; fileEncoding = 4; lastKnownFileType = sourcecode.swift; name = ScoreParserFactory.swift; path = Crispr/ScoreParserFactory.swift; sourceTree = "<group>"; };
		EE8503571CF4E18900554115 /* BioSwiftParseTest.swift */ = {isa = PBXFileReference; fileEncoding = 4; lastKnownFileType = sourcecode.swift; path = BioSwiftParseTest.swift; sourceTree = "<group>"; };
		EE85035A1CF4E21E00554115 /* ScoreParseManagerFacade.swift */ = {isa = PBXFileReference; fileEncoding = 4; lastKnownFileType = sourcecode.swift; name = ScoreParseManagerFacade.swift; path = Crispr/ScoreParseManagerFacade.swift; sourceTree = "<group>"; };
		EE85035E1CF4ED0E00554115 /* Offtarget.swift */ = {isa = PBXFileReference; fileEncoding = 4; lastKnownFileType = sourcecode.swift; path = Offtarget.swift; sourceTree = "<group>"; };
		EE8503611CF4ED6400554115 /* ScoreParserProtocols.swift */ = {isa = PBXFileReference; fileEncoding = 4; lastKnownFileType = sourcecode.swift; name = ScoreParserProtocols.swift; path = Parsers/ScoreParserProtocols.swift; sourceTree = "<group>"; };
		EE8503641CF4EDE600554115 /* GenericParser.swift */ = {isa = PBXFileReference; fileEncoding = 4; lastKnownFileType = sourcecode.swift; name = GenericParser.swift; path = Parsers/GenericParser.swift; sourceTree = "<group>"; };
		EE8503671CF4EE3000554115 /* BowtieOutputParser.swift */ = {isa = PBXFileReference; fileEncoding = 4; lastKnownFileType = sourcecode.swift; name = BowtieOutputParser.swift; path = Parsers/BowtieOutputParser.swift; sourceTree = "<group>"; };
		EE85036A1CF4EE7E00554115 /* CasOffinderOutputParser.swift */ = {isa = PBXFileReference; fileEncoding = 4; lastKnownFileType = sourcecode.swift; name = CasOffinderOutputParser.swift; path = Parsers/CasOffinderOutputParser.swift; sourceTree = "<group>"; };
/* End PBXFileReference section */

/* Begin PBXFrameworksBuildPhase section */
		EE31965B1CC288650038756C /* Frameworks */ = {
			isa = PBXFrameworksBuildPhase;
			buildActionMask = 2147483647;
			files = (
			);
			runOnlyForDeploymentPostprocessing = 0;
		};
		EE3196661CC288650038756C /* Frameworks */ = {
			isa = PBXFrameworksBuildPhase;
			buildActionMask = 2147483647;
			files = (
				EE31966A1CC288650038756C /* BioSwift.framework in Frameworks */,
			);
			runOnlyForDeploymentPostprocessing = 0;
		};
/* End PBXFrameworksBuildPhase section */

/* Begin PBXGroup section */
		EE3196551CC288650038756C = {
			isa = PBXGroup;
			children = (
				EE3196611CC288650038756C /* BioSwift */,
				EE31966D1CC288650038756C /* BioSwiftTests */,
				EE3196601CC288650038756C /* Products */,
			);
			sourceTree = "<group>";
		};
		EE3196601CC288650038756C /* Products */ = {
			isa = PBXGroup;
			children = (
				EE31965F1CC288650038756C /* BioSwift.framework */,
				EE3196691CC288650038756C /* BioSwiftTests.xctest */,
			);
			name = Products;
			sourceTree = "<group>";
		};
		EE3196611CC288650038756C /* BioSwift */ = {
			isa = PBXGroup;
			children = (
				EE614A641CF32FE400EE89EB /* Crispr */,
				EE7621001CF1A41800F13281 /* Utils */,
				EE7620FF1CF1A41100F13281 /* Core */,
				EE3196621CC288650038756C /* BioSwift.h */,
				EE3196641CC288650038756C /* Info.plist */,
			);
			path = BioSwift;
			sourceTree = "<group>";
		};
		EE31966D1CC288650038756C /* BioSwiftTests */ = {
			isa = PBXGroup;
			children = (
				EE83072E1CF641B800D16FA4 /* TestParsers */,
				EE31966E1CC288650038756C /* BioSwiftTests.swift */,
				EE3196701CC288650038756C /* Info.plist */,
				EE8503571CF4E18900554115 /* BioSwiftParseTest.swift */,
			);
			path = BioSwiftTests;
			sourceTree = "<group>";
		};
		EE614A641CF32FE400EE89EB /* Crispr */ = {
			isa = PBXGroup;
			children = (
				EE76210F1CF2078E00F13281 /* CrisprUtils.swift */,
				EE85035A1CF4E21E00554115 /* ScoreParseManagerFacade.swift */,
				EE8503511CF4C6BF00554115 /* ScoreParserFactory.swift */,
				EE8503611CF4ED6400554115 /* ScoreParserProtocols.swift */,
				EE85035E1CF4ED0E00554115 /* Offtarget.swift */,
				EE85035D1CF4EC8200554115 /* Parsers */,
			);
			name = Crispr;
			sourceTree = "<group>";
		};
		EE7620FF1CF1A41100F13281 /* Core */ = {
			isa = PBXGroup;
			children = (
				EE7621011CF1A42A00F13281 /* Extensions.swift */,
				EE7621021CF1A42A00F13281 /* Seq.swift */,
				EE7621031CF1A42A00F13281 /* SeqRecord.swift */,
				EE7621041CF1A42A00F13281 /* SeqIO.swift */,
			);
			name = Core;
			sourceTree = "<group>";
		};
		EE7621001CF1A41800F13281 /* Utils */ = {
			isa = PBXGroup;
			children = (
				EE76210B1CF1A54F00F13281 /* FileUtils.swift */,
			);
			name = Utils;
			sourceTree = "<group>";
		};
		EE85035D1CF4EC8200554115 /* Parsers */ = {
			isa = PBXGroup;
			children = (
				EE8503641CF4EDE600554115 /* GenericParser.swift */,
				EE8503671CF4EE3000554115 /* BowtieOutputParser.swift */,
				EE85036A1CF4EE7E00554115 /* CasOffinderOutputParser.swift */,
			);
			name = Parsers;
			sourceTree = "<group>";
		};
/* End PBXGroup section */

/* Begin PBXHeadersBuildPhase section */
		EE31965C1CC288650038756C /* Headers */ = {
			isa = PBXHeadersBuildPhase;
			buildActionMask = 2147483647;
			files = (
				EE3196631CC288650038756C /* BioSwift.h in Headers */,
			);
			runOnlyForDeploymentPostprocessing = 0;
		};
/* End PBXHeadersBuildPhase section */

/* Begin PBXNativeTarget section */
		EE31965E1CC288650038756C /* BioSwift */ = {
			isa = PBXNativeTarget;
			buildConfigurationList = EE3196731CC288650038756C /* Build configuration list for PBXNativeTarget "BioSwift" */;
			buildPhases = (
				EE31965A1CC288650038756C /* Sources */,
				EE31965B1CC288650038756C /* Frameworks */,
				EE31965C1CC288650038756C /* Headers */,
				EE31965D1CC288650038756C /* Resources */,
			);
			buildRules = (
			);
			dependencies = (
			);
			name = BioSwift;
			productName = BioSwift;
			productReference = EE31965F1CC288650038756C /* BioSwift.framework */;
			productType = "com.apple.product-type.framework";
		};
		EE3196681CC288650038756C /* BioSwiftTests */ = {
			isa = PBXNativeTarget;
			buildConfigurationList = EE3196761CC288650038756C /* Build configuration list for PBXNativeTarget "BioSwiftTests" */;
			buildPhases = (
				EE3196651CC288650038756C /* Sources */,
				EE3196661CC288650038756C /* Frameworks */,
				EE3196671CC288650038756C /* Resources */,
			);
			buildRules = (
			);
			dependencies = (
				EE31966C1CC288650038756C /* PBXTargetDependency */,
			);
			name = BioSwiftTests;
			productName = BioSwiftTests;
			productReference = EE3196691CC288650038756C /* BioSwiftTests.xctest */;
			productType = "com.apple.product-type.bundle.unit-test";
		};
/* End PBXNativeTarget section */

/* Begin PBXProject section */
		EE3196561CC288650038756C /* Project object */ = {
			isa = PBXProject;
			attributes = {
				LastSwiftUpdateCheck = 0730;
				LastUpgradeCheck = 0730;
				ORGANIZATIONNAME = "Pal Dorogi";
				TargetAttributes = {
					EE31965E1CC288650038756C = {
						CreatedOnToolsVersion = 7.3;
					};
					EE3196681CC288650038756C = {
						CreatedOnToolsVersion = 7.3;
					};
				};
			};
			buildConfigurationList = EE3196591CC288650038756C /* Build configuration list for PBXProject "BioSwift" */;
			compatibilityVersion = "Xcode 3.2";
			developmentRegion = English;
			hasScannedForEncodings = 0;
			knownRegions = (
				en,
			);
			mainGroup = EE3196551CC288650038756C;
			productRefGroup = EE3196601CC288650038756C /* Products */;
			projectDirPath = "";
			projectRoot = "";
			targets = (
				EE31965E1CC288650038756C /* BioSwift */,
				EE3196681CC288650038756C /* BioSwiftTests */,
			);
		};
/* End PBXProject section */

/* Begin PBXResourcesBuildPhase section */
		EE31965D1CC288650038756C /* Resources */ = {
			isa = PBXResourcesBuildPhase;
			buildActionMask = 2147483647;
			files = (
			);
			runOnlyForDeploymentPostprocessing = 0;
		};
		EE3196671CC288650038756C /* Resources */ = {
			isa = PBXResourcesBuildPhase;
			buildActionMask = 2147483647;
			files = (
				EE83072F1CF641B800D16FA4 /* TestParsers in Resources */,
			);
			runOnlyForDeploymentPostprocessing = 0;
		};
/* End PBXResourcesBuildPhase section */

/* Begin PBXSourcesBuildPhase section */
		EE31965A1CC288650038756C /* Sources */ = {
			isa = PBXSourcesBuildPhase;
			buildActionMask = 2147483647;
			files = (
				EE7621101CF2078E00F13281 /* CrisprUtils.swift in Sources */,
				EE85035B1CF4E21E00554115 /* ScoreParseManagerFacade.swift in Sources */,
				EE7621051CF1A42A00F13281 /* Extensions.swift in Sources */,
				EE8503621CF4ED6400554115 /* ScoreParserProtocols.swift in Sources */,
				EE85036B1CF4EE7E00554115 /* CasOffinderOutputParser.swift in Sources */,
				EE7621061CF1A42A00F13281 /* Seq.swift in Sources */,
				EE7621071CF1A42A00F13281 /* SeqRecord.swift in Sources */,
				EE7621081CF1A42A00F13281 /* SeqIO.swift in Sources */,
				EE8503681CF4EE3000554115 /* BowtieOutputParser.swift in Sources */,
				EE85035F1CF4ED0E00554115 /* Offtarget.swift in Sources */,
				EE8503651CF4EDE600554115 /* GenericParser.swift in Sources */,
				EE76210C1CF1A54F00F13281 /* FileUtils.swift in Sources */,
				EE8503521CF4C6BF00554115 /* ScoreParserFactory.swift in Sources */,
			);
			runOnlyForDeploymentPostprocessing = 0;
		};
		EE3196651CC288650038756C /* Sources */ = {
			isa = PBXSourcesBuildPhase;
			buildActionMask = 2147483647;
			files = (
				EE7621111CF2078E00F13281 /* CrisprUtils.swift in Sources */,
				EE8503661CF4EDE600554115 /* GenericParser.swift in Sources */,
				EE7621151CF218CD00F13281 /* SeqIO.swift in Sources */,
				EE8503581CF4E18900554115 /* BioSwiftParseTest.swift in Sources */,
				EE85036C1CF4EE7E00554115 /* CasOffinderOutputParser.swift in Sources */,
				EE8503631CF4ED6400554115 /* ScoreParserProtocols.swift in Sources */,
				EE7621131CF218C800F13281 /* Seq.swift in Sources */,
				EE7621121CF218C500F13281 /* Extensions.swift in Sources */,
				EE8503531CF4C6BF00554115 /* ScoreParserFactory.swift in Sources */,
				EE7621141CF218CA00F13281 /* SeqRecord.swift in Sources */,
				EE7621161CF218D100F13281 /* FileUtils.swift in Sources */,
				EE8503601CF4ED0E00554115 /* Offtarget.swift in Sources */,
				EE85035C1CF4E21E00554115 /* ScoreParseManagerFacade.swift in Sources */,
				EE31966F1CC288650038756C /* BioSwiftTests.swift in Sources */,
				EE8503691CF4EE3000554115 /* BowtieOutputParser.swift in Sources */,
			);
			runOnlyForDeploymentPostprocessing = 0;
		};
/* End PBXSourcesBuildPhase section */

/* Begin PBXTargetDependency section */
		EE31966C1CC288650038756C /* PBXTargetDependency */ = {
			isa = PBXTargetDependency;
			target = EE31965E1CC288650038756C /* BioSwift */;
			targetProxy = EE31966B1CC288650038756C /* PBXContainerItemProxy */;
		};
/* End PBXTargetDependency section */

/* Begin XCBuildConfiguration section */
		EE3196711CC288650038756C /* Debug */ = {
			isa = XCBuildConfiguration;
			buildSettings = {
				ALWAYS_SEARCH_USER_PATHS = NO;
				CLANG_ANALYZER_NONNULL = YES;
				CLANG_CXX_LANGUAGE_STANDARD = "gnu++0x";
				CLANG_CXX_LIBRARY = "libc++";
				CLANG_ENABLE_MODULES = YES;
				CLANG_ENABLE_OBJC_ARC = YES;
				CLANG_WARN_BOOL_CONVERSION = YES;
				CLANG_WARN_CONSTANT_CONVERSION = YES;
				CLANG_WARN_DIRECT_OBJC_ISA_USAGE = YES_ERROR;
				CLANG_WARN_EMPTY_BODY = YES;
				CLANG_WARN_ENUM_CONVERSION = YES;
				CLANG_WARN_INT_CONVERSION = YES;
				CLANG_WARN_OBJC_ROOT_CLASS = YES_ERROR;
				CLANG_WARN_UNREACHABLE_CODE = YES;
				CLANG_WARN__DUPLICATE_METHOD_MATCH = YES;
				CODE_SIGN_IDENTITY = "-";
				COPY_PHASE_STRIP = NO;
				CURRENT_PROJECT_VERSION = 1;
				DEBUG_INFORMATION_FORMAT = dwarf;
				ENABLE_STRICT_OBJC_MSGSEND = YES;
				ENABLE_TESTABILITY = YES;
				GCC_C_LANGUAGE_STANDARD = gnu99;
				GCC_DYNAMIC_NO_PIC = NO;
				GCC_NO_COMMON_BLOCKS = YES;
				GCC_OPTIMIZATION_LEVEL = 0;
				GCC_PREPROCESSOR_DEFINITIONS = (
					"DEBUG=1",
					"$(inherited)",
				);
				GCC_WARN_64_TO_32_BIT_CONVERSION = YES;
				GCC_WARN_ABOUT_RETURN_TYPE = YES_ERROR;
				GCC_WARN_UNDECLARED_SELECTOR = YES;
				GCC_WARN_UNINITIALIZED_AUTOS = YES_AGGRESSIVE;
				GCC_WARN_UNUSED_FUNCTION = YES;
				GCC_WARN_UNUSED_VARIABLE = YES;
				MACOSX_DEPLOYMENT_TARGET = 10.9;
				MTL_ENABLE_DEBUG_INFO = YES;
				ONLY_ACTIVE_ARCH = YES;
				SDKROOT = macosx;
				SWIFT_OPTIMIZATION_LEVEL = "-O";
				VERSIONING_SYSTEM = "apple-generic";
				VERSION_INFO_PREFIX = "";
			};
			name = Debug;
		};
		EE3196721CC288650038756C /* Release */ = {
			isa = XCBuildConfiguration;
			buildSettings = {
				ALWAYS_SEARCH_USER_PATHS = NO;
				CLANG_ANALYZER_NONNULL = YES;
				CLANG_CXX_LANGUAGE_STANDARD = "gnu++0x";
				CLANG_CXX_LIBRARY = "libc++";
				CLANG_ENABLE_MODULES = YES;
				CLANG_ENABLE_OBJC_ARC = YES;
				CLANG_WARN_BOOL_CONVERSION = YES;
				CLANG_WARN_CONSTANT_CONVERSION = YES;
				CLANG_WARN_DIRECT_OBJC_ISA_USAGE = YES_ERROR;
				CLANG_WARN_EMPTY_BODY = YES;
				CLANG_WARN_ENUM_CONVERSION = YES;
				CLANG_WARN_INT_CONVERSION = YES;
				CLANG_WARN_OBJC_ROOT_CLASS = YES_ERROR;
				CLANG_WARN_UNREACHABLE_CODE = YES;
				CLANG_WARN__DUPLICATE_METHOD_MATCH = YES;
				CODE_SIGN_IDENTITY = "-";
				COPY_PHASE_STRIP = NO;
				CURRENT_PROJECT_VERSION = 1;
				DEBUG_INFORMATION_FORMAT = "dwarf-with-dsym";
				ENABLE_NS_ASSERTIONS = NO;
				ENABLE_STRICT_OBJC_MSGSEND = YES;
				GCC_C_LANGUAGE_STANDARD = gnu99;
				GCC_NO_COMMON_BLOCKS = YES;
				GCC_WARN_64_TO_32_BIT_CONVERSION = YES;
				GCC_WARN_ABOUT_RETURN_TYPE = YES_ERROR;
				GCC_WARN_UNDECLARED_SELECTOR = YES;
				GCC_WARN_UNINITIALIZED_AUTOS = YES_AGGRESSIVE;
				GCC_WARN_UNUSED_FUNCTION = YES;
				GCC_WARN_UNUSED_VARIABLE = YES;
				MACOSX_DEPLOYMENT_TARGET = 10.9;
				MTL_ENABLE_DEBUG_INFO = NO;
				SDKROOT = macosx;
				VERSIONING_SYSTEM = "apple-generic";
				VERSION_INFO_PREFIX = "";
			};
			name = Release;
		};
		EE3196741CC288650038756C /* Debug */ = {
			isa = XCBuildConfiguration;
			buildSettings = {
				CLANG_ENABLE_MODULES = YES;
				COMBINE_HIDPI_IMAGES = YES;
				DEFINES_MODULE = YES;
				DYLIB_COMPATIBILITY_VERSION = 1;
				DYLIB_CURRENT_VERSION = 1;
				DYLIB_INSTALL_NAME_BASE = "@rpath";
				FRAMEWORK_VERSION = A;
				INFOPLIST_FILE = BioSwift/Info.plist;
				INSTALL_PATH = "$(LOCAL_LIBRARY_DIR)/Frameworks";
				LD_RUNPATH_SEARCH_PATHS = "$(inherited) @executable_path/../Frameworks @loader_path/Frameworks";
				PRODUCT_BUNDLE_IDENTIFIER = org.ilap.BioSwift;
				PRODUCT_NAME = "$(TARGET_NAME)";
				SKIP_INSTALL = YES;
				SWIFT_OPTIMIZATION_LEVEL = "-Onone";
			};
			name = Debug;
		};
		EE3196751CC288650038756C /* Release */ = {
			isa = XCBuildConfiguration;
			buildSettings = {
				CLANG_ENABLE_MODULES = YES;
				COMBINE_HIDPI_IMAGES = YES;
				DEFINES_MODULE = YES;
				DYLIB_COMPATIBILITY_VERSION = 1;
				DYLIB_CURRENT_VERSION = 1;
				DYLIB_INSTALL_NAME_BASE = "@rpath";
				FRAMEWORK_VERSION = A;
				INFOPLIST_FILE = BioSwift/Info.plist;
				INSTALL_PATH = "$(LOCAL_LIBRARY_DIR)/Frameworks";
				LD_RUNPATH_SEARCH_PATHS = "$(inherited) @executable_path/../Frameworks @loader_path/Frameworks";
				PRODUCT_BUNDLE_IDENTIFIER = org.ilap.BioSwift;
				PRODUCT_NAME = "$(TARGET_NAME)";
				SKIP_INSTALL = YES;
			};
			name = Release;
		};
		EE3196771CC288650038756C /* Debug */ = {
			isa = XCBuildConfiguration;
			buildSettings = {
				COMBINE_HIDPI_IMAGES = YES;
				INFOPLIST_FILE = BioSwiftTests/Info.plist;
				LD_RUNPATH_SEARCH_PATHS = "$(inherited) @executable_path/../Frameworks @loader_path/../Frameworks";
				PRODUCT_BUNDLE_IDENTIFIER = org.ilap.BioSwiftTests;
				PRODUCT_NAME = "$(TARGET_NAME)";
			};
			name = Debug;
		};
		EE3196781CC288650038756C /* Release */ = {
			isa = XCBuildConfiguration;
			buildSettings = {
				COMBINE_HIDPI_IMAGES = YES;
				INFOPLIST_FILE = BioSwiftTests/Info.plist;
				LD_RUNPATH_SEARCH_PATHS = "$(inherited) @executable_path/../Frameworks @loader_path/../Frameworks";
				PRODUCT_BUNDLE_IDENTIFIER = org.ilap.BioSwiftTests;
				PRODUCT_NAME = "$(TARGET_NAME)";
			};
			name = Release;
		};
/* End XCBuildConfiguration section */

/* Begin XCConfigurationList section */
		EE3196591CC288650038756C /* Build configuration list for PBXProject "BioSwift" */ = {
			isa = XCConfigurationList;
			buildConfigurations = (
				EE3196711CC288650038756C /* Debug */,
				EE3196721CC288650038756C /* Release */,
			);
			defaultConfigurationIsVisible = 0;
			defaultConfigurationName = Release;
		};
		EE3196731CC288650038756C /* Build configuration list for PBXNativeTarget "BioSwift" */ = {
			isa = XCConfigurationList;
			buildConfigurations = (
				EE3196741CC288650038756C /* Debug */,
				EE3196751CC288650038756C /* Release */,
			);
			defaultConfigurationIsVisible = 0;
			defaultConfigurationName = Release;
		};
		EE3196761CC288650038756C /* Build configuration list for PBXNativeTarget "BioSwiftTests" */ = {
			isa = XCConfigurationList;
			buildConfigurations = (
				EE3196771CC288650038756C /* Debug */,
				EE3196781CC288650038756C /* Release */,
			);
			defaultConfigurationIsVisible = 0;
			defaultConfigurationName = Release;
		};
/* End XCConfigurationList section */
	};
	rootObject = EE3196561CC288650038756C /* Project object */;
}
