// !$*UTF8*$!
{
	archiveVersion = 1;
	classes = {
	};
	objectVersion = 46;
	objects = {

/* Begin PBXBuildFile section */
		EE17EA051D06F9BF005ADCD4 /* BowtieInputFormatter.swift in Sources */ = {isa = PBXBuildFile; fileRef = EE17EA041D06F9BF005ADCD4 /* BowtieInputFormatter.swift */; };
		EE17EA061D06F9BF005ADCD4 /* BowtieInputFormatter.swift in Sources */ = {isa = PBXBuildFile; fileRef = EE17EA041D06F9BF005ADCD4 /* BowtieInputFormatter.swift */; };
		EE17EA0D1D06F9CC005ADCD4 /* OffTargetParserProvider.swift in Sources */ = {isa = PBXBuildFile; fileRef = EE17EA071D06F9CC005ADCD4 /* OffTargetParserProvider.swift */; };
		EE17EA0E1D06F9CC005ADCD4 /* OffTargetParserProvider.swift in Sources */ = {isa = PBXBuildFile; fileRef = EE17EA071D06F9CC005ADCD4 /* OffTargetParserProvider.swift */; };
		EE17EA0F1D06F9CC005ADCD4 /* OffTargetParserManagerFacade.swift in Sources */ = {isa = PBXBuildFile; fileRef = EE17EA081D06F9CC005ADCD4 /* OffTargetParserManagerFacade.swift */; };
		EE17EA101D06F9CC005ADCD4 /* OffTargetParserManagerFacade.swift in Sources */ = {isa = PBXBuildFile; fileRef = EE17EA081D06F9CC005ADCD4 /* OffTargetParserManagerFacade.swift */; };
		EE17EA111D06F9CC005ADCD4 /* CasOffinderOutputParser.swift in Sources */ = {isa = PBXBuildFile; fileRef = EE17EA091D06F9CC005ADCD4 /* CasOffinderOutputParser.swift */; };
		EE17EA121D06F9CC005ADCD4 /* CasOffinderOutputParser.swift in Sources */ = {isa = PBXBuildFile; fileRef = EE17EA091D06F9CC005ADCD4 /* CasOffinderOutputParser.swift */; };
		EE17EA131D06F9CC005ADCD4 /* OffTargetParserFactory.swift in Sources */ = {isa = PBXBuildFile; fileRef = EE17EA0A1D06F9CC005ADCD4 /* OffTargetParserFactory.swift */; };
		EE17EA141D06F9CC005ADCD4 /* OffTargetParserFactory.swift in Sources */ = {isa = PBXBuildFile; fileRef = EE17EA0A1D06F9CC005ADCD4 /* OffTargetParserFactory.swift */; };
		EE17EA151D06F9CC005ADCD4 /* BowtieOutputParser.swift in Sources */ = {isa = PBXBuildFile; fileRef = EE17EA0B1D06F9CC005ADCD4 /* BowtieOutputParser.swift */; };
		EE17EA161D06F9CC005ADCD4 /* BowtieOutputParser.swift in Sources */ = {isa = PBXBuildFile; fileRef = EE17EA0B1D06F9CC005ADCD4 /* BowtieOutputParser.swift */; };
		EE17EA171D06F9CC005ADCD4 /* GenericParser.swift in Sources */ = {isa = PBXBuildFile; fileRef = EE17EA0C1D06F9CC005ADCD4 /* GenericParser.swift */; };
		EE17EA181D06F9CC005ADCD4 /* GenericParser.swift in Sources */ = {isa = PBXBuildFile; fileRef = EE17EA0C1D06F9CC005ADCD4 /* GenericParser.swift */; };
		EE20FEA61CF9C8AF0035148F /* runTestsOnLinux.sh in Resources */ = {isa = PBXBuildFile; fileRef = EE20FEA51CF9C8AF0035148F /* runTestsOnLinux.sh */; };
		EE223BE01D15C7D9006B4E9F /* StreamWriter.swift in Sources */ = {isa = PBXBuildFile; fileRef = EE223BDF1D15C7D9006B4E9F /* StreamWriter.swift */; };
		EE223BE11D15C7D9006B4E9F /* StreamWriter.swift in Sources */ = {isa = PBXBuildFile; fileRef = EE223BDF1D15C7D9006B4E9F /* StreamWriter.swift */; };
		EE223BE31D15C99F006B4E9F /* StreamInputFormatter.swift in Sources */ = {isa = PBXBuildFile; fileRef = EE223BE21D15C99F006B4E9F /* StreamInputFormatter.swift */; };
		EE223BE41D15C99F006B4E9F /* StreamInputFormatter.swift in Sources */ = {isa = PBXBuildFile; fileRef = EE223BE21D15C99F006B4E9F /* StreamInputFormatter.swift */; };
		EE223BE61D15CB4B006B4E9F /* OnTarget.swift in Sources */ = {isa = PBXBuildFile; fileRef = EE223BE51D15CB4B006B4E9F /* OnTarget.swift */; };
		EE223BE71D15CB4B006B4E9F /* OnTarget.swift in Sources */ = {isa = PBXBuildFile; fileRef = EE223BE51D15CB4B006B4E9F /* OnTarget.swift */; };
		EE223BE91D15CC0A006B4E9F /* CasOffinderInputFormatter.swift in Sources */ = {isa = PBXBuildFile; fileRef = EE223BE81D15CC0A006B4E9F /* CasOffinderInputFormatter.swift */; };
		EE223BEA1D15CC0A006B4E9F /* CasOffinderInputFormatter.swift in Sources */ = {isa = PBXBuildFile; fileRef = EE223BE81D15CC0A006B4E9F /* CasOffinderInputFormatter.swift */; };
		EE223BEC1D15D60B006B4E9F /* ScoreInputFormatterManagerFacade.swift in Sources */ = {isa = PBXBuildFile; fileRef = EE223BEB1D15D60B006B4E9F /* ScoreInputFormatterManagerFacade.swift */; };
		EE223BED1D15D60B006B4E9F /* ScoreInputFormatterManagerFacade.swift in Sources */ = {isa = PBXBuildFile; fileRef = EE223BEB1D15D60B006B4E9F /* ScoreInputFormatterManagerFacade.swift */; };
		EE2D456A1CF9A106004BDB4C /* main.swift in Sources */ = {isa = PBXBuildFile; fileRef = EE2D45691CF9A106004BDB4C /* main.swift */; };
		EE3196631CC288650038756C /* BioSwift.h in Headers */ = {isa = PBXBuildFile; fileRef = EE3196621CC288650038756C /* BioSwift.h */; settings = {ATTRIBUTES = (Public, ); }; };
		EE31966A1CC288650038756C /* BioSwift.framework in Frameworks */ = {isa = PBXBuildFile; fileRef = EE31965F1CC288650038756C /* BioSwift.framework */; };
		EE31966F1CC288650038756C /* BioSwiftSequenceTests.swift in Sources */ = {isa = PBXBuildFile; fileRef = EE31966E1CC288650038756C /* BioSwiftSequenceTests.swift */; };
		EE352FC41CF98F6B0081354E /* ScoreFunctionTask.swift in Sources */ = {isa = PBXBuildFile; fileRef = EE352FC31CF98F6B0081354E /* ScoreFunctionTask.swift */; };
		EE352FC61CF98F7D0081354E /* Offtarget.swift in Sources */ = {isa = PBXBuildFile; fileRef = EE352FC51CF98F7D0081354E /* Offtarget.swift */; };
		EE352FD41CF98FF70081354E /* SandboxAsyncWorkerTask.swift in Sources */ = {isa = PBXBuildFile; fileRef = EE352FD31CF98FF70081354E /* SandboxAsyncWorkerTask.swift */; };
		EE352FD91CF990000081354E /* AsyncWorkerThread.swift in Sources */ = {isa = PBXBuildFile; fileRef = EE352FD51CF990000081354E /* AsyncWorkerThread.swift */; };
		EE352FDA1CF990000081354E /* Command.swift in Sources */ = {isa = PBXBuildFile; fileRef = EE352FD61CF990000081354E /* Command.swift */; };
		EE352FDB1CF990000081354E /* TaskProtocol.swift in Sources */ = {isa = PBXBuildFile; fileRef = EE352FD71CF990000081354E /* TaskProtocol.swift */; };
		EE352FDC1CF990000081354E /* TaskMediator.swift in Sources */ = {isa = PBXBuildFile; fileRef = EE352FD81CF990000081354E /* TaskMediator.swift */; };
		EE4AC6F21D12B7B80073D2E1 /* DesignManager.swift in Sources */ = {isa = PBXBuildFile; fileRef = EE4AC6F11D12B7B80073D2E1 /* DesignManager.swift */; };
		EE4AC6F31D12B7B80073D2E1 /* DesignManager.swift in Sources */ = {isa = PBXBuildFile; fileRef = EE4AC6F11D12B7B80073D2E1 /* DesignManager.swift */; };
		EE7621051CF1A42A00F13281 /* Extensions.swift in Sources */ = {isa = PBXBuildFile; fileRef = EE7621011CF1A42A00F13281 /* Extensions.swift */; };
		EE7621061CF1A42A00F13281 /* Seq.swift in Sources */ = {isa = PBXBuildFile; fileRef = EE7621021CF1A42A00F13281 /* Seq.swift */; };
		EE7621071CF1A42A00F13281 /* SeqRecord.swift in Sources */ = {isa = PBXBuildFile; fileRef = EE7621031CF1A42A00F13281 /* SeqRecord.swift */; };
		EE7621081CF1A42A00F13281 /* SeqIO.swift in Sources */ = {isa = PBXBuildFile; fileRef = EE7621041CF1A42A00F13281 /* SeqIO.swift */; };
		EE76210C1CF1A54F00F13281 /* FileUtils.swift in Sources */ = {isa = PBXBuildFile; fileRef = EE76210B1CF1A54F00F13281 /* FileUtils.swift */; };
		EE7621101CF2078E00F13281 /* CrisprUtils.swift in Sources */ = {isa = PBXBuildFile; fileRef = EE76210F1CF2078E00F13281 /* CrisprUtils.swift */; };
		EE7621111CF2078E00F13281 /* CrisprUtils.swift in Sources */ = {isa = PBXBuildFile; fileRef = EE76210F1CF2078E00F13281 /* CrisprUtils.swift */; };
		EE7621121CF218C500F13281 /* Extensions.swift in Sources */ = {isa = PBXBuildFile; fileRef = EE7621011CF1A42A00F13281 /* Extensions.swift */; };
		EE7621131CF218C800F13281 /* Seq.swift in Sources */ = {isa = PBXBuildFile; fileRef = EE7621021CF1A42A00F13281 /* Seq.swift */; };
		EE7621141CF218CA00F13281 /* SeqRecord.swift in Sources */ = {isa = PBXBuildFile; fileRef = EE7621031CF1A42A00F13281 /* SeqRecord.swift */; };
		EE7621151CF218CD00F13281 /* SeqIO.swift in Sources */ = {isa = PBXBuildFile; fileRef = EE7621041CF1A42A00F13281 /* SeqIO.swift */; };
		EE7621161CF218D100F13281 /* FileUtils.swift in Sources */ = {isa = PBXBuildFile; fileRef = EE76210B1CF1A54F00F13281 /* FileUtils.swift */; };
		EE7743C11D26AA15000DB4CF /* MockDesignData.swift in Sources */ = {isa = PBXBuildFile; fileRef = EE7743C01D26AA15000DB4CF /* MockDesignData.swift */; };
		EE7A0A071CF8B81D00E5CBF4 /* Protocols.swift in Sources */ = {isa = PBXBuildFile; fileRef = EE7A0A061CF8B81D00E5CBF4 /* Protocols.swift */; };
		EE7A0A081CF8B81D00E5CBF4 /* Protocols.swift in Sources */ = {isa = PBXBuildFile; fileRef = EE7A0A061CF8B81D00E5CBF4 /* Protocols.swift */; };
		EE7B68821D2E4401009AFE5F /* ScoreCommands in Resources */ = {isa = PBXBuildFile; fileRef = EE7B68811D2E4401009AFE5F /* ScoreCommands */; };
		EE8503581CF4E18900554115 /* BioSwiftParseTests.swift in Sources */ = {isa = PBXBuildFile; fileRef = EE8503571CF4E18900554115 /* BioSwiftParseTests.swift */; };
		EEA7B4CD1CF646A30068138A /* Resources in Resources */ = {isa = PBXBuildFile; fileRef = EEA7B4CC1CF646A30068138A /* Resources */; };
		EEB198B91D147D6F00025670 /* ModelProtocol.swift in Sources */ = {isa = PBXBuildFile; fileRef = EE2B2DCE1D0EBD9C00D4E343 /* ModelProtocol.swift */; };
		EEB198BA1D147D7000025670 /* ModelProtocol.swift in Sources */ = {isa = PBXBuildFile; fileRef = EE2B2DCE1D0EBD9C00D4E343 /* ModelProtocol.swift */; };
		EEE4D35C1CF724A5006A979F /* BioSwiftTaskTests.swift in Sources */ = {isa = PBXBuildFile; fileRef = EEE4D35B1CF724A5006A979F /* BioSwiftTaskTests.swift */; };
		EEE8FAB91CFC49D3000BE4EE /* BowtieScoreFunction.swift in Sources */ = {isa = PBXBuildFile; fileRef = EEE8FAB81CFC49D3000BE4EE /* BowtieScoreFunction.swift */; };
		EEE8FABA1CFC49D3000BE4EE /* BowtieScoreFunction.swift in Sources */ = {isa = PBXBuildFile; fileRef = EEE8FAB81CFC49D3000BE4EE /* BowtieScoreFunction.swift */; };
		EEE8FABE1CFC5715000BE4EE /* Offtarget.swift in Sources */ = {isa = PBXBuildFile; fileRef = EE352FC51CF98F7D0081354E /* Offtarget.swift */; };
		EEE8FABF1CFC571A000BE4EE /* ScoreFunctionTask.swift in Sources */ = {isa = PBXBuildFile; fileRef = EE352FC31CF98F6B0081354E /* ScoreFunctionTask.swift */; };
		EEE8FAC41CFC576A000BE4EE /* ScoreFunctionManagerFacade.swift in Sources */ = {isa = PBXBuildFile; fileRef = EEE8FAC31CFC576A000BE4EE /* ScoreFunctionManagerFacade.swift */; };
		EEE8FAC51CFC576A000BE4EE /* ScoreFunctionManagerFacade.swift in Sources */ = {isa = PBXBuildFile; fileRef = EEE8FAC31CFC576A000BE4EE /* ScoreFunctionManagerFacade.swift */; };
		EEE8FAC61CFC6242000BE4EE /* TaskProtocol.swift in Sources */ = {isa = PBXBuildFile; fileRef = EE352FD71CF990000081354E /* TaskProtocol.swift */; };
		EEE8FAC71CFC6247000BE4EE /* Command.swift in Sources */ = {isa = PBXBuildFile; fileRef = EE352FD61CF990000081354E /* Command.swift */; };
		EEE8FAC81CFC62F6000BE4EE /* TaskMediator.swift in Sources */ = {isa = PBXBuildFile; fileRef = EE352FD81CF990000081354E /* TaskMediator.swift */; };
		EEE8FAC91CFC630E000BE4EE /* AsyncWorkerThread.swift in Sources */ = {isa = PBXBuildFile; fileRef = EE352FD51CF990000081354E /* AsyncWorkerThread.swift */; };
		EEFA844E1D1A718B00AEF093 /* CasOffinderScoreFunction.swift in Sources */ = {isa = PBXBuildFile; fileRef = EEFA844D1D1A718B00AEF093 /* CasOffinderScoreFunction.swift */; };
		EEFA844F1D1A718B00AEF093 /* CasOffinderScoreFunction.swift in Sources */ = {isa = PBXBuildFile; fileRef = EEFA844D1D1A718B00AEF093 /* CasOffinderScoreFunction.swift */; };
/* End PBXBuildFile section */

/* Begin PBXContainerItemProxy section */
		EE31966B1CC288650038756C /* PBXContainerItemProxy */ = {
			isa = PBXContainerItemProxy;
			containerPortal = EE3196561CC288650038756C /* Project object */;
			proxyType = 1;
			remoteGlobalIDString = EE31965E1CC288650038756C;
			remoteInfo = BioSwift;
		};
/* End PBXContainerItemProxy section */

/* Begin PBXFileReference section */
		EE17EA041D06F9BF005ADCD4 /* BowtieInputFormatter.swift */ = {isa = PBXFileReference; fileEncoding = 4; lastKnownFileType = sourcecode.swift; name = BowtieInputFormatter.swift; path = Crispr/ParsersAndFormatters/BowtieInputFormatter.swift; sourceTree = "<group>"; };
		EE17EA071D06F9CC005ADCD4 /* OffTargetParserProvider.swift */ = {isa = PBXFileReference; fileEncoding = 4; lastKnownFileType = sourcecode.swift; name = OffTargetParserProvider.swift; path = Crispr/ParsersAndFormatters/OffTargetParserProvider.swift; sourceTree = "<group>"; };
		EE17EA081D06F9CC005ADCD4 /* OffTargetParserManagerFacade.swift */ = {isa = PBXFileReference; fileEncoding = 4; lastKnownFileType = sourcecode.swift; name = OffTargetParserManagerFacade.swift; path = Crispr/ParsersAndFormatters/OffTargetParserManagerFacade.swift; sourceTree = "<group>"; };
		EE17EA091D06F9CC005ADCD4 /* CasOffinderOutputParser.swift */ = {isa = PBXFileReference; fileEncoding = 4; lastKnownFileType = sourcecode.swift; name = CasOffinderOutputParser.swift; path = Crispr/ParsersAndFormatters/CasOffinderOutputParser.swift; sourceTree = "<group>"; };
		EE17EA0A1D06F9CC005ADCD4 /* OffTargetParserFactory.swift */ = {isa = PBXFileReference; fileEncoding = 4; lastKnownFileType = sourcecode.swift; name = OffTargetParserFactory.swift; path = Crispr/ParsersAndFormatters/OffTargetParserFactory.swift; sourceTree = "<group>"; };
		EE17EA0B1D06F9CC005ADCD4 /* BowtieOutputParser.swift */ = {isa = PBXFileReference; fileEncoding = 4; lastKnownFileType = sourcecode.swift; name = BowtieOutputParser.swift; path = Crispr/ParsersAndFormatters/BowtieOutputParser.swift; sourceTree = "<group>"; };
		EE17EA0C1D06F9CC005ADCD4 /* GenericParser.swift */ = {isa = PBXFileReference; fileEncoding = 4; lastKnownFileType = sourcecode.swift; name = GenericParser.swift; path = Crispr/ParsersAndFormatters/GenericParser.swift; sourceTree = "<group>"; };
		EE20FEA51CF9C8AF0035148F /* runTestsOnLinux.sh */ = {isa = PBXFileReference; fileEncoding = 4; lastKnownFileType = text.script.sh; path = runTestsOnLinux.sh; sourceTree = "<group>"; };
		EE223BDF1D15C7D9006B4E9F /* StreamWriter.swift */ = {isa = PBXFileReference; fileEncoding = 4; lastKnownFileType = sourcecode.swift; name = StreamWriter.swift; path = Core/StreamWriter.swift; sourceTree = "<group>"; };
		EE223BE21D15C99F006B4E9F /* StreamInputFormatter.swift */ = {isa = PBXFileReference; fileEncoding = 4; lastKnownFileType = sourcecode.swift; name = StreamInputFormatter.swift; path = Crispr/ParsersAndFormatters/StreamInputFormatter.swift; sourceTree = "<group>"; };
		EE223BE51D15CB4B006B4E9F /* OnTarget.swift */ = {isa = PBXFileReference; fileEncoding = 4; lastKnownFileType = sourcecode.swift; path = OnTarget.swift; sourceTree = "<group>"; };
		EE223BE81D15CC0A006B4E9F /* CasOffinderInputFormatter.swift */ = {isa = PBXFileReference; fileEncoding = 4; lastKnownFileType = sourcecode.swift; name = CasOffinderInputFormatter.swift; path = Crispr/ParsersAndFormatters/CasOffinderInputFormatter.swift; sourceTree = "<group>"; };
		EE223BEB1D15D60B006B4E9F /* ScoreInputFormatterManagerFacade.swift */ = {isa = PBXFileReference; fileEncoding = 4; lastKnownFileType = sourcecode.swift; name = ScoreInputFormatterManagerFacade.swift; path = Crispr/ParsersAndFormatters/ScoreInputFormatterManagerFacade.swift; sourceTree = "<group>"; };
		EE2B2DCE1D0EBD9C00D4E343 /* ModelProtocol.swift */ = {isa = PBXFileReference; fileEncoding = 4; lastKnownFileType = sourcecode.swift; name = ModelProtocol.swift; path = Crispr/ModelProtocol.swift; sourceTree = "<group>"; };
		EE2D45691CF9A106004BDB4C /* main.swift */ = {isa = PBXFileReference; fileEncoding = 4; lastKnownFileType = sourcecode.swift; path = main.swift; sourceTree = "<group>"; };
		EE2D55241D18573800E4A5E8 /* Sandbox.playground */ = {isa = PBXFileReference; lastKnownFileType = file.playground; name = Sandbox.playground; path = Playgrounds/Sandbox.playground; sourceTree = "<group>"; };
		EE2D55261D18573800E4A5E8 /* TaskTest.playground */ = {isa = PBXFileReference; lastKnownFileType = file.playground; name = TaskTest.playground; path = Playgrounds/TaskTest.playground; sourceTree = "<group>"; };
		EE2D55271D18573800E4A5E8 /* VisitorPatternForFormatter.playground */ = {isa = PBXFileReference; lastKnownFileType = file.playground; name = VisitorPatternForFormatter.playground; path = Playgrounds/VisitorPatternForFormatter.playground; sourceTree = "<group>"; };
		EE31965F1CC288650038756C /* BioSwift.framework */ = {isa = PBXFileReference; explicitFileType = wrapper.framework; includeInIndex = 0; path = BioSwift.framework; sourceTree = BUILT_PRODUCTS_DIR; };
		EE3196621CC288650038756C /* BioSwift.h */ = {isa = PBXFileReference; lastKnownFileType = sourcecode.c.h; path = BioSwift.h; sourceTree = "<group>"; };
		EE3196641CC288650038756C /* Info.plist */ = {isa = PBXFileReference; lastKnownFileType = text.plist.xml; path = Info.plist; sourceTree = "<group>"; };
		EE3196691CC288650038756C /* BioSwiftTests.xctest */ = {isa = PBXFileReference; explicitFileType = wrapper.cfbundle; includeInIndex = 0; path = BioSwiftTests.xctest; sourceTree = BUILT_PRODUCTS_DIR; };
		EE31966E1CC288650038756C /* BioSwiftSequenceTests.swift */ = {isa = PBXFileReference; lastKnownFileType = sourcecode.swift; path = BioSwiftSequenceTests.swift; sourceTree = "<group>"; };
		EE3196701CC288650038756C /* Info.plist */ = {isa = PBXFileReference; lastKnownFileType = text.plist.xml; path = Info.plist; sourceTree = "<group>"; };
		EE352FC31CF98F6B0081354E /* ScoreFunctionTask.swift */ = {isa = PBXFileReference; fileEncoding = 4; lastKnownFileType = sourcecode.swift; name = ScoreFunctionTask.swift; path = Crispr/ScoreFunctions/ScoreFunctionTask.swift; sourceTree = "<group>"; };
		EE352FC51CF98F7D0081354E /* Offtarget.swift */ = {isa = PBXFileReference; fileEncoding = 4; lastKnownFileType = sourcecode.swift; name = Offtarget.swift; path = Crispr/Offtarget.swift; sourceTree = "<group>"; };
		EE352FD31CF98FF70081354E /* SandboxAsyncWorkerTask.swift */ = {isa = PBXFileReference; fileEncoding = 4; lastKnownFileType = sourcecode.swift; name = SandboxAsyncWorkerTask.swift; path = Core/TaskPattern/SandboxAsyncWorkerTask.swift; sourceTree = "<group>"; };
		EE352FD51CF990000081354E /* AsyncWorkerThread.swift */ = {isa = PBXFileReference; fileEncoding = 4; lastKnownFileType = sourcecode.swift; name = AsyncWorkerThread.swift; path = Core/TaskPattern/AsyncWorkerThread.swift; sourceTree = "<group>"; };
		EE352FD61CF990000081354E /* Command.swift */ = {isa = PBXFileReference; fileEncoding = 4; lastKnownFileType = sourcecode.swift; name = Command.swift; path = Core/TaskPattern/Command.swift; sourceTree = "<group>"; };
		EE352FD71CF990000081354E /* TaskProtocol.swift */ = {isa = PBXFileReference; fileEncoding = 4; lastKnownFileType = sourcecode.swift; name = TaskProtocol.swift; path = Core/TaskPattern/TaskProtocol.swift; sourceTree = "<group>"; };
		EE352FD81CF990000081354E /* TaskMediator.swift */ = {isa = PBXFileReference; fileEncoding = 4; lastKnownFileType = sourcecode.swift; name = TaskMediator.swift; path = Core/TaskPattern/TaskMediator.swift; sourceTree = "<group>"; };
		EE4AC6F11D12B7B80073D2E1 /* DesignManager.swift */ = {isa = PBXFileReference; fileEncoding = 4; lastKnownFileType = sourcecode.swift; name = DesignManager.swift; path = Crispr/DesignManager.swift; sourceTree = "<group>"; };
		EE7621011CF1A42A00F13281 /* Extensions.swift */ = {isa = PBXFileReference; fileEncoding = 4; lastKnownFileType = sourcecode.swift; name = Extensions.swift; path = Core/Extensions.swift; sourceTree = "<group>"; };
		EE7621021CF1A42A00F13281 /* Seq.swift */ = {isa = PBXFileReference; fileEncoding = 4; lastKnownFileType = sourcecode.swift; name = Seq.swift; path = Core/Seq.swift; sourceTree = "<group>"; };
		EE7621031CF1A42A00F13281 /* SeqRecord.swift */ = {isa = PBXFileReference; fileEncoding = 4; lastKnownFileType = sourcecode.swift; name = SeqRecord.swift; path = Core/SeqRecord.swift; sourceTree = "<group>"; };
		EE7621041CF1A42A00F13281 /* SeqIO.swift */ = {isa = PBXFileReference; fileEncoding = 4; lastKnownFileType = sourcecode.swift; name = SeqIO.swift; path = Core/SeqIO.swift; sourceTree = "<group>"; };
		EE76210B1CF1A54F00F13281 /* FileUtils.swift */ = {isa = PBXFileReference; fileEncoding = 4; lastKnownFileType = sourcecode.swift; name = FileUtils.swift; path = Utils/FileUtils.swift; sourceTree = "<group>"; };
		EE76210F1CF2078E00F13281 /* CrisprUtils.swift */ = {isa = PBXFileReference; fileEncoding = 4; lastKnownFileType = sourcecode.swift; name = CrisprUtils.swift; path = Utils/CrisprUtils.swift; sourceTree = "<group>"; };
		EE7743C01D26AA15000DB4CF /* MockDesignData.swift */ = {isa = PBXFileReference; fileEncoding = 4; lastKnownFileType = sourcecode.swift; path = MockDesignData.swift; sourceTree = "<group>"; };
		EE7A0A061CF8B81D00E5CBF4 /* Protocols.swift */ = {isa = PBXFileReference; fileEncoding = 4; lastKnownFileType = sourcecode.swift; name = Protocols.swift; path = Crispr/Protocols.swift; sourceTree = "<group>"; };
		EE7B68811D2E4401009AFE5F /* ScoreCommands */ = {isa = PBXFileReference; lastKnownFileType = folder; name = ScoreCommands; path = Resources/ScoreCommands; sourceTree = SOURCE_ROOT; };
		EE8503571CF4E18900554115 /* BioSwiftParseTests.swift */ = {isa = PBXFileReference; fileEncoding = 4; lastKnownFileType = sourcecode.swift; path = BioSwiftParseTests.swift; sourceTree = "<group>"; };
		EEA7B4CC1CF646A30068138A /* Resources */ = {isa = PBXFileReference; lastKnownFileType = folder; path = Resources; sourceTree = "<group>"; };
		EEE4D35B1CF724A5006A979F /* BioSwiftTaskTests.swift */ = {isa = PBXFileReference; fileEncoding = 4; lastKnownFileType = sourcecode.swift; path = BioSwiftTaskTests.swift; sourceTree = "<group>"; };
		EEE8FAB81CFC49D3000BE4EE /* BowtieScoreFunction.swift */ = {isa = PBXFileReference; fileEncoding = 4; lastKnownFileType = sourcecode.swift; name = BowtieScoreFunction.swift; path = Crispr/ScoreFunctions/BowtieScoreFunction.swift; sourceTree = "<group>"; };
		EEE8FAC31CFC576A000BE4EE /* ScoreFunctionManagerFacade.swift */ = {isa = PBXFileReference; fileEncoding = 4; lastKnownFileType = sourcecode.swift; name = ScoreFunctionManagerFacade.swift; path = Crispr/ScoreFunctions/ScoreFunctionManagerFacade.swift; sourceTree = "<group>"; };
		EEFA844D1D1A718B00AEF093 /* CasOffinderScoreFunction.swift */ = {isa = PBXFileReference; fileEncoding = 4; lastKnownFileType = sourcecode.swift; name = CasOffinderScoreFunction.swift; path = Crispr/ScoreFunctions/CasOffinderScoreFunction.swift; sourceTree = "<group>"; };
/* End PBXFileReference section */

/* Begin PBXFrameworksBuildPhase section */
		EE31965B1CC288650038756C /* Frameworks */ = {
			isa = PBXFrameworksBuildPhase;
			buildActionMask = 2147483647;
			files = (
			);
			runOnlyForDeploymentPostprocessing = 0;
		};
		EE3196661CC288650038756C /* Frameworks */ = {
			isa = PBXFrameworksBuildPhase;
			buildActionMask = 2147483647;
			files = (
				EE31966A1CC288650038756C /* BioSwift.framework in Frameworks */,
			);
			runOnlyForDeploymentPostprocessing = 0;
		};
/* End PBXFrameworksBuildPhase section */

/* Begin PBXGroup section */
		EE223BDE1D15C48B006B4E9F /* Formatters */ = {
			isa = PBXGroup;
			children = (
				EE17EA041D06F9BF005ADCD4 /* BowtieInputFormatter.swift */,
				EE223BE81D15CC0A006B4E9F /* CasOffinderInputFormatter.swift */,
				EE223BE21D15C99F006B4E9F /* StreamInputFormatter.swift */,
				EE223BEB1D15D60B006B4E9F /* ScoreInputFormatterManagerFacade.swift */,
			);
			name = Formatters;
			sourceTree = "<group>";
		};
		EE2D55281D18573800E4A5E8 /* PlayGrounds */ = {
			isa = PBXGroup;
			children = (
				EE2D55241D18573800E4A5E8 /* Sandbox.playground */,
				EE2D55261D18573800E4A5E8 /* TaskTest.playground */,
				EE2D55271D18573800E4A5E8 /* VisitorPatternForFormatter.playground */,
			);
			name = PlayGrounds;
			path = ..;
			sourceTree = "<group>";
		};
		EE3196551CC288650038756C = {
			isa = PBXGroup;
			children = (
				EE2D55281D18573800E4A5E8 /* PlayGrounds */,
				EE3196611CC288650038756C /* BioSwift */,
				EE31966D1CC288650038756C /* BioSwiftTests */,
				EE3196601CC288650038756C /* Products */,
			);
			sourceTree = "<group>";
		};
		EE3196601CC288650038756C /* Products */ = {
			isa = PBXGroup;
			children = (
				EE31965F1CC288650038756C /* BioSwift.framework */,
				EE3196691CC288650038756C /* BioSwiftTests.xctest */,
			);
			name = Products;
			sourceTree = "<group>";
		};
		EE3196611CC288650038756C /* BioSwift */ = {
			isa = PBXGroup;
			children = (
				EE614A641CF32FE400EE89EB /* Crispr */,
				EE7621001CF1A41800F13281 /* Utils */,
				EE7620FF1CF1A41100F13281 /* Core */,
				EE3196621CC288650038756C /* BioSwift.h */,
				EE3196641CC288650038756C /* Info.plist */,
			);
			path = BioSwift;
			sourceTree = "<group>";
		};
		EE31966D1CC288650038756C /* BioSwiftTests */ = {
			isa = PBXGroup;
			children = (
				EEA7B4CC1CF646A30068138A /* Resources */,
				EE31966E1CC288650038756C /* BioSwiftSequenceTests.swift */,
				EE3196701CC288650038756C /* Info.plist */,
				EE8503571CF4E18900554115 /* BioSwiftParseTests.swift */,
				EEE4D35B1CF724A5006A979F /* BioSwiftTaskTests.swift */,
				EE2D45691CF9A106004BDB4C /* main.swift */,
				EE20FEA51CF9C8AF0035148F /* runTestsOnLinux.sh */,
				EE7743C01D26AA15000DB4CF /* MockDesignData.swift */,
			);
			path = BioSwiftTests;
			sourceTree = "<group>";
		};
		EE614A641CF32FE400EE89EB /* Crispr */ = {
			isa = PBXGroup;
			children = (
				EE352FC51CF98F7D0081354E /* Offtarget.swift */,
				EEE4D3501CF6FAB3006A979F /* ScoreFunctions */,
				EE7A0A061CF8B81D00E5CBF4 /* Protocols.swift */,
				EE2B2DCE1D0EBD9C00D4E343 /* ModelProtocol.swift */,
				EE4AC6F11D12B7B80073D2E1 /* DesignManager.swift */,
			);
			name = Crispr;
			sourceTree = "<group>";
		};
		EE7620FF1CF1A41100F13281 /* Core */ = {
			isa = PBXGroup;
			children = (
				EE352FD61CF990000081354E /* Command.swift */,
				EEE4D3631CF79F2C006A979F /* Saved */,
				EEE4D3511CF70192006A979F /* TaskPattern */,
				EE7621011CF1A42A00F13281 /* Extensions.swift */,
				EE7621021CF1A42A00F13281 /* Seq.swift */,
				EE7621031CF1A42A00F13281 /* SeqRecord.swift */,
				EE7621041CF1A42A00F13281 /* SeqIO.swift */,
				EE223BDF1D15C7D9006B4E9F /* StreamWriter.swift */,
			);
			name = Core;
			sourceTree = "<group>";
		};
		EE7621001CF1A41800F13281 /* Utils */ = {
			isa = PBXGroup;
			children = (
				EE76210F1CF2078E00F13281 /* CrisprUtils.swift */,
				EE76210B1CF1A54F00F13281 /* FileUtils.swift */,
			);
			name = Utils;
			sourceTree = "<group>";
		};
		EE85035D1CF4EC8200554115 /* Parsers */ = {
			isa = PBXGroup;
			children = (
				EE17EA071D06F9CC005ADCD4 /* OffTargetParserProvider.swift */,
				EE17EA081D06F9CC005ADCD4 /* OffTargetParserManagerFacade.swift */,
				EE17EA091D06F9CC005ADCD4 /* CasOffinderOutputParser.swift */,
				EE17EA0A1D06F9CC005ADCD4 /* OffTargetParserFactory.swift */,
				EE17EA0B1D06F9CC005ADCD4 /* BowtieOutputParser.swift */,
				EE17EA0C1D06F9CC005ADCD4 /* GenericParser.swift */,
			);
			name = Parsers;
			sourceTree = "<group>";
		};
		EEE4D3501CF6FAB3006A979F /* ScoreFunctions */ = {
			isa = PBXGroup;
			children = (
				EE85035D1CF4EC8200554115 /* Parsers */,
				EE223BDE1D15C48B006B4E9F /* Formatters */,
				EE7B68811D2E4401009AFE5F /* ScoreCommands */,
				EE352FC31CF98F6B0081354E /* ScoreFunctionTask.swift */,
				EEE8FAB81CFC49D3000BE4EE /* BowtieScoreFunction.swift */,
				EEFA844D1D1A718B00AEF093 /* CasOffinderScoreFunction.swift */,
				EEE8FAC31CFC576A000BE4EE /* ScoreFunctionManagerFacade.swift */,
				EE223BE51D15CB4B006B4E9F /* OnTarget.swift */,
			);
			name = ScoreFunctions;
			sourceTree = "<group>";
		};
		EEE4D3511CF70192006A979F /* TaskPattern */ = {
			isa = PBXGroup;
			children = (
				EE352FD51CF990000081354E /* AsyncWorkerThread.swift */,
				EE352FD71CF990000081354E /* TaskProtocol.swift */,
				EE352FD81CF990000081354E /* TaskMediator.swift */,
			);
			name = TaskPattern;
			sourceTree = "<group>";
		};
		EEE4D3631CF79F2C006A979F /* Saved */ = {
			isa = PBXGroup;
			children = (
				EE352FD31CF98FF70081354E /* SandboxAsyncWorkerTask.swift */,
			);
			name = Saved;
			sourceTree = "<group>";
		};
/* End PBXGroup section */

/* Begin PBXHeadersBuildPhase section */
		EE31965C1CC288650038756C /* Headers */ = {
			isa = PBXHeadersBuildPhase;
			buildActionMask = 2147483647;
			files = (
				EE3196631CC288650038756C /* BioSwift.h in Headers */,
			);
			runOnlyForDeploymentPostprocessing = 0;
		};
/* End PBXHeadersBuildPhase section */

/* Begin PBXNativeTarget section */
		EE31965E1CC288650038756C /* BioSwift */ = {
			isa = PBXNativeTarget;
			buildConfigurationList = EE3196731CC288650038756C /* Build configuration list for PBXNativeTarget "BioSwift" */;
			buildPhases = (
				EE31965A1CC288650038756C /* Sources */,
				EE31965B1CC288650038756C /* Frameworks */,
				EE31965C1CC288650038756C /* Headers */,
				EE31965D1CC288650038756C /* Resources */,
			);
			buildRules = (
			);
			dependencies = (
			);
			name = BioSwift;
			productName = BioSwift;
			productReference = EE31965F1CC288650038756C /* BioSwift.framework */;
			productType = "com.apple.product-type.framework";
		};
		EE3196681CC288650038756C /* BioSwiftTests */ = {
			isa = PBXNativeTarget;
			buildConfigurationList = EE3196761CC288650038756C /* Build configuration list for PBXNativeTarget "BioSwiftTests" */;
			buildPhases = (
				EE3196651CC288650038756C /* Sources */,
				EE3196661CC288650038756C /* Frameworks */,
				EE3196671CC288650038756C /* Resources */,
			);
			buildRules = (
			);
			dependencies = (
				EE31966C1CC288650038756C /* PBXTargetDependency */,
			);
			name = BioSwiftTests;
			productName = BioSwiftTests;
			productReference = EE3196691CC288650038756C /* BioSwiftTests.xctest */;
			productType = "com.apple.product-type.bundle.unit-test";
		};
/* End PBXNativeTarget section */

/* Begin PBXProject section */
		EE3196561CC288650038756C /* Project object */ = {
			isa = PBXProject;
			attributes = {
				CLASSPREFIX = org.ilap;
				LastSwiftUpdateCheck = 0730;
				LastUpgradeCheck = 0800;
				ORGANIZATIONNAME = "Pal Dorogi";
				TargetAttributes = {
					EE31965E1CC288650038756C = {
						CreatedOnToolsVersion = 7.3;
						LastSwiftMigration = 0800;
					};
					EE3196681CC288650038756C = {
						CreatedOnToolsVersion = 7.3;
						LastSwiftMigration = 0800;
					};
				};
			};
			buildConfigurationList = EE3196591CC288650038756C /* Build configuration list for PBXProject "BioSwift" */;
			compatibilityVersion = "Xcode 3.2";
			developmentRegion = English;
			hasScannedForEncodings = 0;
			knownRegions = (
				en,
			);
			mainGroup = EE3196551CC288650038756C;
			productRefGroup = EE3196601CC288650038756C /* Products */;
			projectDirPath = "";
			projectRoot = "";
			targets = (
				EE31965E1CC288650038756C /* BioSwift */,
				EE3196681CC288650038756C /* BioSwiftTests */,
			);
		};
/* End PBXProject section */

/* Begin PBXResourcesBuildPhase section */
		EE31965D1CC288650038756C /* Resources */ = {
			isa = PBXResourcesBuildPhase;
			buildActionMask = 2147483647;
			files = (
				EE7B68821D2E4401009AFE5F /* ScoreCommands in Resources */,
			);
			runOnlyForDeploymentPostprocessing = 0;
		};
		EE3196671CC288650038756C /* Resources */ = {
			isa = PBXResourcesBuildPhase;
			buildActionMask = 2147483647;
			files = (
				EE20FEA61CF9C8AF0035148F /* runTestsOnLinux.sh in Resources */,
				EEA7B4CD1CF646A30068138A /* Resources in Resources */,
			);
			runOnlyForDeploymentPostprocessing = 0;
		};
/* End PBXResourcesBuildPhase section */

/* Begin PBXSourcesBuildPhase section */
		EE31965A1CC288650038756C /* Sources */ = {
			isa = PBXSourcesBuildPhase;
			buildActionMask = 2147483647;
			files = (
				EE7621101CF2078E00F13281 /* CrisprUtils.swift in Sources */,
				EE4AC6F21D12B7B80073D2E1 /* DesignManager.swift in Sources */,
				EE7621051CF1A42A00F13281 /* Extensions.swift in Sources */,
				EEFA844E1D1A718B00AEF093 /* CasOffinderScoreFunction.swift in Sources */,
				EEB198BA1D147D7000025670 /* ModelProtocol.swift in Sources */,
				EE7621061CF1A42A00F13281 /* Seq.swift in Sources */,
				EE7621071CF1A42A00F13281 /* SeqRecord.swift in Sources */,
				EE7621081CF1A42A00F13281 /* SeqIO.swift in Sources */,
				EE352FDA1CF990000081354E /* Command.swift in Sources */,
				EE17EA131D06F9CC005ADCD4 /* OffTargetParserFactory.swift in Sources */,
				EEE8FAB91CFC49D3000BE4EE /* BowtieScoreFunction.swift in Sources */,
				EE17EA051D06F9BF005ADCD4 /* BowtieInputFormatter.swift in Sources */,
				EE17EA0F1D06F9CC005ADCD4 /* OffTargetParserManagerFacade.swift in Sources */,
				EE352FD41CF98FF70081354E /* SandboxAsyncWorkerTask.swift in Sources */,
				EE223BE01D15C7D9006B4E9F /* StreamWriter.swift in Sources */,
				EE223BEC1D15D60B006B4E9F /* ScoreInputFormatterManagerFacade.swift in Sources */,
				EE17EA151D06F9CC005ADCD4 /* BowtieOutputParser.swift in Sources */,
				EEE8FAC41CFC576A000BE4EE /* ScoreFunctionManagerFacade.swift in Sources */,
				EE352FC41CF98F6B0081354E /* ScoreFunctionTask.swift in Sources */,
				EE352FC61CF98F7D0081354E /* Offtarget.swift in Sources */,
				EE352FDC1CF990000081354E /* TaskMediator.swift in Sources */,
				EE17EA111D06F9CC005ADCD4 /* CasOffinderOutputParser.swift in Sources */,
				EE223BE31D15C99F006B4E9F /* StreamInputFormatter.swift in Sources */,
				EE352FD91CF990000081354E /* AsyncWorkerThread.swift in Sources */,
				EE223BE91D15CC0A006B4E9F /* CasOffinderInputFormatter.swift in Sources */,
				EE17EA171D06F9CC005ADCD4 /* GenericParser.swift in Sources */,
				EE76210C1CF1A54F00F13281 /* FileUtils.swift in Sources */,
				EE7A0A071CF8B81D00E5CBF4 /* Protocols.swift in Sources */,
				EE223BE61D15CB4B006B4E9F /* OnTarget.swift in Sources */,
				EE17EA0D1D06F9CC005ADCD4 /* OffTargetParserProvider.swift in Sources */,
				EE352FDB1CF990000081354E /* TaskProtocol.swift in Sources */,
			);
			runOnlyForDeploymentPostprocessing = 0;
		};
		EE3196651CC288650038756C /* Sources */ = {
			isa = PBXSourcesBuildPhase;
			buildActionMask = 2147483647;
			files = (
				EE223BE11D15C7D9006B4E9F /* StreamWriter.swift in Sources */,
				EE7621111CF2078E00F13281 /* CrisprUtils.swift in Sources */,
				EE223BED1D15D60B006B4E9F /* ScoreInputFormatterManagerFacade.swift in Sources */,
				EEE8FAC51CFC576A000BE4EE /* ScoreFunctionManagerFacade.swift in Sources */,
				EE7621151CF218CD00F13281 /* SeqIO.swift in Sources */,
				EE4AC6F31D12B7B80073D2E1 /* DesignManager.swift in Sources */,
				EE223BE41D15C99F006B4E9F /* StreamInputFormatter.swift in Sources */,
				EE223BE71D15CB4B006B4E9F /* OnTarget.swift in Sources */,
				EEE4D35C1CF724A5006A979F /* BioSwiftTaskTests.swift in Sources */,
				EEE8FAC81CFC62F6000BE4EE /* TaskMediator.swift in Sources */,
				EE7743C11D26AA15000DB4CF /* MockDesignData.swift in Sources */,
				EEE8FAC91CFC630E000BE4EE /* AsyncWorkerThread.swift in Sources */,
				EEB198B91D147D6F00025670 /* ModelProtocol.swift in Sources */,
				EE17EA141D06F9CC005ADCD4 /* OffTargetParserFactory.swift in Sources */,
				EE8503581CF4E18900554115 /* BioSwiftParseTests.swift in Sources */,
				EE223BEA1D15CC0A006B4E9F /* CasOffinderInputFormatter.swift in Sources */,
				EE17EA161D06F9CC005ADCD4 /* BowtieOutputParser.swift in Sources */,
				EE17EA101D06F9CC005ADCD4 /* OffTargetParserManagerFacade.swift in Sources */,
				EE17EA061D06F9BF005ADCD4 /* BowtieInputFormatter.swift in Sources */,
				EE7621131CF218C800F13281 /* Seq.swift in Sources */,
				EE7621121CF218C500F13281 /* Extensions.swift in Sources */,
				EEE8FABF1CFC571A000BE4EE /* ScoreFunctionTask.swift in Sources */,
				EEFA844F1D1A718B00AEF093 /* CasOffinderScoreFunction.swift in Sources */,
				EE17EA181D06F9CC005ADCD4 /* GenericParser.swift in Sources */,
				EE7621141CF218CA00F13281 /* SeqRecord.swift in Sources */,
				EE17EA121D06F9CC005ADCD4 /* CasOffinderOutputParser.swift in Sources */,
				EE2D456A1CF9A106004BDB4C /* main.swift in Sources */,
				EE17EA0E1D06F9CC005ADCD4 /* OffTargetParserProvider.swift in Sources */,
				EEE8FABA1CFC49D3000BE4EE /* BowtieScoreFunction.swift in Sources */,
				EEE8FABE1CFC5715000BE4EE /* Offtarget.swift in Sources */,
				EEE8FAC61CFC6242000BE4EE /* TaskProtocol.swift in Sources */,
				EEE8FAC71CFC6247000BE4EE /* Command.swift in Sources */,
				EE7621161CF218D100F13281 /* FileUtils.swift in Sources */,
				EE31966F1CC288650038756C /* BioSwiftSequenceTests.swift in Sources */,
				EE7A0A081CF8B81D00E5CBF4 /* Protocols.swift in Sources */,
			);
			runOnlyForDeploymentPostprocessing = 0;
		};
/* End PBXSourcesBuildPhase section */

/* Begin PBXTargetDependency section */
		EE31966C1CC288650038756C /* PBXTargetDependency */ = {
			isa = PBXTargetDependency;
			target = EE31965E1CC288650038756C /* BioSwift */;
			targetProxy = EE31966B1CC288650038756C /* PBXContainerItemProxy */;
		};
/* End PBXTargetDependency section */

/* Begin XCBuildConfiguration section */
		EE3196711CC288650038756C /* Debug */ = {
			isa = XCBuildConfiguration;
			buildSettings = {
				ALWAYS_SEARCH_USER_PATHS = NO;
				CLANG_ANALYZER_NONNULL = YES;
				CLANG_CXX_LANGUAGE_STANDARD = "gnu++0x";
				CLANG_CXX_LIBRARY = "libc++";
				CLANG_ENABLE_MODULES = YES;
				CLANG_ENABLE_OBJC_ARC = YES;
				CLANG_WARN_BOOL_CONVERSION = YES;
				CLANG_WARN_CONSTANT_CONVERSION = YES;
				CLANG_WARN_DIRECT_OBJC_ISA_USAGE = YES_ERROR;
				CLANG_WARN_EMPTY_BODY = YES;
				CLANG_WARN_ENUM_CONVERSION = YES;
				CLANG_WARN_INT_CONVERSION = YES;
				CLANG_WARN_OBJC_ROOT_CLASS = YES_ERROR;
				CLANG_WARN_UNREACHABLE_CODE = YES;
				CLANG_WARN__DUPLICATE_METHOD_MATCH = YES;
				CODE_SIGN_IDENTITY = "-";
				COPY_PHASE_STRIP = NO;
				CURRENT_PROJECT_VERSION = 1;
				DEBUG_INFORMATION_FORMAT = dwarf;
				ENABLE_STRICT_OBJC_MSGSEND = YES;
				ENABLE_TESTABILITY = YES;
				GCC_C_LANGUAGE_STANDARD = gnu99;
				GCC_DYNAMIC_NO_PIC = NO;
				GCC_NO_COMMON_BLOCKS = YES;
				GCC_OPTIMIZATION_LEVEL = 0;
				GCC_PREPROCESSOR_DEFINITIONS = (
					"DEBUG=1",
					"$(inherited)",
				);
				GCC_WARN_64_TO_32_BIT_CONVERSION = YES;
				GCC_WARN_ABOUT_RETURN_TYPE = YES_ERROR;
				GCC_WARN_UNDECLARED_SELECTOR = YES;
				GCC_WARN_UNINITIALIZED_AUTOS = YES_AGGRESSIVE;
				GCC_WARN_UNUSED_FUNCTION = YES;
				GCC_WARN_UNUSED_VARIABLE = YES;
				MACOSX_DEPLOYMENT_TARGET = 10.9;
				MTL_ENABLE_DEBUG_INFO = YES;
				ONLY_ACTIVE_ARCH = YES;
				SDKROOT = macosx;
				SWIFT_OPTIMIZATION_LEVEL = "-O";
				VERSIONING_SYSTEM = "apple-generic";
				VERSION_INFO_PREFIX = "";
			};
			name = Debug;
		};
		EE3196721CC288650038756C /* Release */ = {
			isa = XCBuildConfiguration;
			buildSettings = {
				ALWAYS_SEARCH_USER_PATHS = NO;
				CLANG_ANALYZER_NONNULL = YES;
				CLANG_CXX_LANGUAGE_STANDARD = "gnu++0x";
				CLANG_CXX_LIBRARY = "libc++";
				CLANG_ENABLE_MODULES = YES;
				CLANG_ENABLE_OBJC_ARC = YES;
				CLANG_WARN_BOOL_CONVERSION = YES;
				CLANG_WARN_CONSTANT_CONVERSION = YES;
				CLANG_WARN_DIRECT_OBJC_ISA_USAGE = YES_ERROR;
				CLANG_WARN_EMPTY_BODY = YES;
				CLANG_WARN_ENUM_CONVERSION = YES;
				CLANG_WARN_INT_CONVERSION = YES;
				CLANG_WARN_OBJC_ROOT_CLASS = YES_ERROR;
				CLANG_WARN_UNREACHABLE_CODE = YES;
				CLANG_WARN__DUPLICATE_METHOD_MATCH = YES;
				CODE_SIGN_IDENTITY = "-";
				COPY_PHASE_STRIP = NO;
				CURRENT_PROJECT_VERSION = 1;
				DEBUG_INFORMATION_FORMAT = "dwarf-with-dsym";
				ENABLE_NS_ASSERTIONS = NO;
				ENABLE_STRICT_OBJC_MSGSEND = YES;
				GCC_C_LANGUAGE_STANDARD = gnu99;
				GCC_NO_COMMON_BLOCKS = YES;
				GCC_WARN_64_TO_32_BIT_CONVERSION = YES;
				GCC_WARN_ABOUT_RETURN_TYPE = YES_ERROR;
				GCC_WARN_UNDECLARED_SELECTOR = YES;
				GCC_WARN_UNINITIALIZED_AUTOS = YES_AGGRESSIVE;
				GCC_WARN_UNUSED_FUNCTION = YES;
				GCC_WARN_UNUSED_VARIABLE = YES;
				MACOSX_DEPLOYMENT_TARGET = 10.9;
				MTL_ENABLE_DEBUG_INFO = NO;
				SDKROOT = macosx;
				VERSIONING_SYSTEM = "apple-generic";
				VERSION_INFO_PREFIX = "";
			};
			name = Release;
		};
		EE3196741CC288650038756C /* Debug */ = {
			isa = XCBuildConfiguration;
			buildSettings = {
				CLANG_ENABLE_MODULES = YES;
				COMBINE_HIDPI_IMAGES = YES;
				DEFINES_MODULE = YES;
				DYLIB_COMPATIBILITY_VERSION = 1;
				DYLIB_CURRENT_VERSION = 1;
				DYLIB_INSTALL_NAME_BASE = "@rpath";
				FRAMEWORK_VERSION = A;
				INFOPLIST_FILE = BioSwift/Info.plist;
				INSTALL_PATH = "$(LOCAL_LIBRARY_DIR)/Frameworks";
				LD_RUNPATH_SEARCH_PATHS = "$(inherited) @executable_path/../Frameworks @loader_path/Frameworks";
				"OTHER_SWIFT_FLAGS[arch=*]" = "-DDEBUG";
				PRODUCT_BUNDLE_IDENTIFIER = org.ilap.BioSwift;
				PRODUCT_NAME = "$(TARGET_NAME)";
				SKIP_INSTALL = YES;
				SWIFT_OPTIMIZATION_LEVEL = "-Onone";
				SWIFT_VERSION = 3.0;
			};
			name = Debug;
		};
		EE3196751CC288650038756C /* Release */ = {
			isa = XCBuildConfiguration;
			buildSettings = {
				CLANG_ENABLE_MODULES = YES;
				COMBINE_HIDPI_IMAGES = YES;
				DEFINES_MODULE = YES;
				DYLIB_COMPATIBILITY_VERSION = 1;
				DYLIB_CURRENT_VERSION = 1;
				DYLIB_INSTALL_NAME_BASE = "@rpath";
				FRAMEWORK_VERSION = A;
				INFOPLIST_FILE = BioSwift/Info.plist;
				INSTALL_PATH = "$(LOCAL_LIBRARY_DIR)/Frameworks";
				LD_RUNPATH_SEARCH_PATHS = "$(inherited) @executable_path/../Frameworks @loader_path/Frameworks";
				OTHER_SWIFT_FLAGS = "-DRELEASE";
				PRODUCT_BUNDLE_IDENTIFIER = org.ilap.BioSwift;
				PRODUCT_NAME = "$(TARGET_NAME)";
				SKIP_INSTALL = YES;
				SWIFT_OPTIMIZATION_LEVEL = "-Owholemodule";
				SWIFT_VERSION = 3.0;
			};
			name = Release;
		};
		EE3196771CC288650038756C /* Debug */ = {
			isa = XCBuildConfiguration;
			buildSettings = {
				COMBINE_HIDPI_IMAGES = YES;
				INFOPLIST_FILE = BioSwiftTests/Info.plist;
				LD_RUNPATH_SEARCH_PATHS = "$(inherited) @executable_path/../Frameworks @loader_path/../Frameworks";
				PRODUCT_BUNDLE_IDENTIFIER = org.ilap.BioSwiftTests;
				PRODUCT_NAME = "$(TARGET_NAME)";
				SWIFT_VERSION = 3.0;
			};
			name = Debug;
		};
		EE3196781CC288650038756C /* Release */ = {
			isa = XCBuildConfiguration;
			buildSettings = {
				COMBINE_HIDPI_IMAGES = YES;
				INFOPLIST_FILE = BioSwiftTests/Info.plist;
				LD_RUNPATH_SEARCH_PATHS = "$(inherited) @executable_path/../Frameworks @loader_path/../Frameworks";
				PRODUCT_BUNDLE_IDENTIFIER = org.ilap.BioSwiftTests;
				PRODUCT_NAME = "$(TARGET_NAME)";
				SWIFT_OPTIMIZATION_LEVEL = "-Owholemodule";
				SWIFT_VERSION = 3.0;
			};
			name = Release;
		};
/* End XCBuildConfiguration section */

/* Begin XCConfigurationList section */
		EE3196591CC288650038756C /* Build configuration list for PBXProject "BioSwift" */ = {
			isa = XCConfigurationList;
			buildConfigurations = (
				EE3196711CC288650038756C /* Debug */,
				EE3196721CC288650038756C /* Release */,
			);
			defaultConfigurationIsVisible = 0;
			defaultConfigurationName = Release;
		};
		EE3196731CC288650038756C /* Build configuration list for PBXNativeTarget "BioSwift" */ = {
			isa = XCConfigurationList;
			buildConfigurations = (
				EE3196741CC288650038756C /* Debug */,
				EE3196751CC288650038756C /* Release */,
			);
			defaultConfigurationIsVisible = 0;
			defaultConfigurationName = Release;
		};
		EE3196761CC288650038756C /* Build configuration list for PBXNativeTarget "BioSwiftTests" */ = {
			isa = XCConfigurationList;
			buildConfigurations = (
				EE3196771CC288650038756C /* Debug */,
				EE3196781CC288650038756C /* Release */,
			);
			defaultConfigurationIsVisible = 0;
			defaultConfigurationName = Release;
		};
/* End XCConfigurationList section */
	};
	rootObject = EE3196561CC288650038756C /* Project object */;
}
